
Microsoft Visual Studio Solution File, Format Version 12.00
# Visual Studio Version 17
VisualStudioVersion = 17.9.34622.214
MinimumVisualStudioVersion = 10.0.40219.1
Project("{FAE04EC0-301F-11D3-BF4B-00C04F79EFBC}") = "Taschenrechner2", "Taschenrechner2\Taschenrechner2.csproj", "{E69E32D4-5064-4082-998B-BC733F7438D3}"
EndProject
Global
	GlobalSection(SolutionConfigurationPlatforms) = preSolution
		Debug|Any CPU = Debug|Any CPU
		Release|Any CPU = Release|Any CPU
	EndGlobalSection
	GlobalSection(ProjectConfigurationPlatforms) = postSolution
		{E69E32D4-5064-4082-998B-BC733F7438D3}.Debug|Any CPU.ActiveCfg = Debug|Any CPU
		{E69E32D4-5064-4082-998B-BC733F7438D3}.Debug|Any CPU.Build.0 = Debug|Any CPU
		{E69E32D4-5064-4082-998B-BC733F7438D3}.Release|Any CPU.ActiveCfg = Release|Any CPU
		{E69E32D4-5064-4082-998B-BC733F7438D3}.Release|Any CPU.Build.0 = Release|Any CPU
	EndGlobalSection
	GlobalSection(SolutionProperties) = preSolution
		HideSolutionNode = FALSE
	EndGlobalSection
	GlobalSection(ExtensibilityGlobals) = postSolution
		SolutionGuid = {86EE8A85-918A-4D60-8D69-840C3A3D178E}
	EndGlobalSection
EndGlobal
